Microsoft Visual Studio Solution File, Format Version 11.00
# Visual Studio 2008

Project("{97B47B7A-63AD-5387-6201-92F8E01820D3}") = "Pac", "Assembly-CSharp.csproj", "{C57CBAD1-3FCA-51AF-C6E5-FA92A2D4E943}"
EndProject
Global
	GlobalSection(SolutionConfigurationPlatforms) = preSolution
		Debug|Any CPU = Debug|Any CPU
		Release|Any CPU = Release|Any CPU
	EndGlobalSection
	GlobalSection(ProjectConfigurationPlatforms) = postSolution
		{C57CBAD1-3FCA-51AF-C6E5-FA92A2D4E943}.Debug|Any CPU.ActiveCfg = Debug|Any CPU
		{C57CBAD1-3FCA-51AF-C6E5-FA92A2D4E943}.Debug|Any CPU.Build.0 = Debug|Any CPU
		{C57CBAD1-3FCA-51AF-C6E5-FA92A2D4E943}.Release|Any CPU.ActiveCfg = Release|Any CPU
		{C57CBAD1-3FCA-51AF-C6E5-FA92A2D4E943}.Release|Any CPU.Build.0 = Release|Any CPU
	EndGlobalSection
	GlobalSection(SolutionProperties) = preSolution
		HideSolutionNode = FALSE
	EndGlobalSection
																																																				GlobalSection(MonoDevelopProperties) = preSolution
		StartupItem = Assembly-CSharp.csproj
		Policies = $0
		$0.TextStylePolicy = $1
		$1.inheritsSet = null
		$1.scope = text/x-csharp
		$0.CSharpFormattingPolicy = $2
		$2.inheritsSet = Mono
		$2.inheritsScope = text/x-csharp
		$2.scope = text/x-csharp
		$0.TextStylePolicy = $3
		$3.FileWidth = 120
		$3.TabWidth = 4
		$3.IndentWidth = 4
		$3.EolMarker = Unix
		$3.inheritsSet = Mono
		$3.inheritsScope = text/plain
		$3.scope = text/plain
	EndGlobalSection

EndGlobal
